
Microsoft Visual Studio Solution File, Format Version 12.00
# Visual Studio 2013
VisualStudioVersion = 12.0.31101.0
MinimumVisualStudioVersion = 10.0.40219.1
Project("{F2A71F9B-5D33-465A-A702-920D77279786}") = "TheGamma.Json", "data\TheGamma.Json.fsproj", "{01423B98-B2AA-4378-BD66-1B27C1A2B5F4}"
EndProject
Project("{F2A71F9B-5D33-465A-A702-920D77279786}") = "TheGamma.World", "data\TheGamma.World.fsproj", "{179D2573-F6FC-43D3-8DFD-57C1A62EF4B2}"
EndProject
Project("{F2A71F9B-5D33-465A-A702-920D77279786}") = "TheGamma.Data", "data\TheGamma.Data.fsproj", "{5F6A630C-3068-4835-82E9-FA670D6DB0A6}"
EndProject
Project("{2150E333-8FDC-42A3-9474-1A3956D46DE8}") = "Solution Items", "Solution Items", "{B3AF5C53-44F3-4791-8C8F-A3A8A031E58D}"
	ProjectSection(SolutionItems) = preProject
		data\build.fsx = data\build.fsx
	EndProjectSection
EndProject
Project("{F2A71F9B-5D33-465A-A702-920D77279786}") = "TheGamma.Sheets", "data\TheGamma.Sheets.fsproj", "{3B241DFD-2C16-4EDD-A4C6-17EFB1023CC7}"
EndProject
Global
	GlobalSection(SolutionConfigurationPlatforms) = preSolution
		Debug|Any CPU = Debug|Any CPU
		Release|Any CPU = Release|Any CPU
	EndGlobalSection
	GlobalSection(ProjectConfigurationPlatforms) = postSolution
		{01423B98-B2AA-4378-BD66-1B27C1A2B5F4}.Debug|Any CPU.ActiveCfg = Debug|Any CPU
		{01423B98-B2AA-4378-BD66-1B27C1A2B5F4}.Debug|Any CPU.Build.0 = Debug|Any CPU
		{01423B98-B2AA-4378-BD66-1B27C1A2B5F4}.Release|Any CPU.ActiveCfg = Release|Any CPU
		{01423B98-B2AA-4378-BD66-1B27C1A2B5F4}.Release|Any CPU.Build.0 = Release|Any CPU
		{179D2573-F6FC-43D3-8DFD-57C1A62EF4B2}.Debug|Any CPU.ActiveCfg = Debug|Any CPU
		{179D2573-F6FC-43D3-8DFD-57C1A62EF4B2}.Debug|Any CPU.Build.0 = Debug|Any CPU
		{179D2573-F6FC-43D3-8DFD-57C1A62EF4B2}.Release|Any CPU.ActiveCfg = Release|Any CPU
		{179D2573-F6FC-43D3-8DFD-57C1A62EF4B2}.Release|Any CPU.Build.0 = Release|Any CPU
		{5F6A630C-3068-4835-82E9-FA670D6DB0A6}.Debug|Any CPU.ActiveCfg = Debug|Any CPU
		{5F6A630C-3068-4835-82E9-FA670D6DB0A6}.Debug|Any CPU.Build.0 = Debug|Any CPU
		{5F6A630C-3068-4835-82E9-FA670D6DB0A6}.Release|Any CPU.ActiveCfg = Release|Any CPU
		{5F6A630C-3068-4835-82E9-FA670D6DB0A6}.Release|Any CPU.Build.0 = Release|Any CPU
		{3B241DFD-2C16-4EDD-A4C6-17EFB1023CC7}.Debug|Any CPU.ActiveCfg = Debug|Any CPU
		{3B241DFD-2C16-4EDD-A4C6-17EFB1023CC7}.Debug|Any CPU.Build.0 = Debug|Any CPU
		{3B241DFD-2C16-4EDD-A4C6-17EFB1023CC7}.Release|Any CPU.ActiveCfg = Release|Any CPU
		{3B241DFD-2C16-4EDD-A4C6-17EFB1023CC7}.Release|Any CPU.Build.0 = Release|Any CPU
	EndGlobalSection
	GlobalSection(SolutionProperties) = preSolution
		HideSolutionNode = FALSE
	EndGlobalSection
EndGlobal
